Microsoft Visual Studio Solution File, Format Version 12.00
# Visual Studio Version 17
VisualStudioVersion = 17.5.2.0
MinimumVisualStudioVersion = 10.0.40219.1
Project("{2150E333-8FDC-42A3-9474-1A3956D46DE8}") = "tools", "tools", "{07C2787E-EAC7-C090-1BA3-A61EC2A24D84}"
EndProject
Project("{2150E333-8FDC-42A3-9474-1A3956D46DE8}") = "task2-prefix-search", "task2-prefix-search", "{ED96D373-C898-8B65-5316-CF61D5216554}"
EndProject
Project("{FAE04EC0-301F-11D3-BF4B-00C04F79EFBC}") = "Task2PrefixSearch", "tools\task2-prefix-search\Task2PrefixSearch.csproj", "{C705E728-5BC0-1482-967A-C4B422C265F9}"
EndProject
Global
	GlobalSection(SolutionConfigurationPlatforms) = preSolution
		Debug|Any CPU = Debug|Any CPU
		Release|Any CPU = Release|Any CPU
	EndGlobalSection
	GlobalSection(ProjectConfigurationPlatforms) = postSolution
		{C705E728-5BC0-1482-967A-C4B422C265F9}.Debug|Any CPU.ActiveCfg = Debug|Any CPU
		{C705E728-5BC0-1482-967A-C4B422C265F9}.Debug|Any CPU.Build.0 = Debug|Any CPU
		{C705E728-5BC0-1482-967A-C4B422C265F9}.Release|Any CPU.ActiveCfg = Release|Any CPU
		{C705E728-5BC0-1482-967A-C4B422C265F9}.Release|Any CPU.Build.0 = Release|Any CPU
	EndGlobalSection
	GlobalSection(SolutionProperties) = preSolution
		HideSolutionNode = FALSE
	EndGlobalSection
	GlobalSection(NestedProjects) = preSolution
		{ED96D373-C898-8B65-5316-CF61D5216554} = {07C2787E-EAC7-C090-1BA3-A61EC2A24D84}
		{C705E728-5BC0-1482-967A-C4B422C265F9} = {ED96D373-C898-8B65-5316-CF61D5216554}
	EndGlobalSection
	GlobalSection(ExtensibilityGlobals) = postSolution
		SolutionGuid = {A6091E68-1597-480E-B777-A1B2C17880F6}
	EndGlobalSection
EndGlobal
